
Microsoft Visual Studio Solution File, Format Version 12.00
# Visual Studio 15
Project("{FAE04EC0-301F-11D3-BF4B-00C04F79EFBC}") = "Meryel.CodeAssist.Editor", "Meryel.CodeAssist.Editor.csproj", "{B103CF56-EF24-8D67-56F7-E3BD69B14EA8}"
EndProject
Project("{FAE04EC0-301F-11D3-BF4B-00C04F79EFBC}") = "Assembly-CSharp", "Assembly-CSharp.csproj", "{78C230FB-F869-8AAF-F230-D0061D9C2537}"
EndProject
Global
	GlobalSection(SolutionConfigurationPlatforms) = preSolution
		Debug|Any CPU = Debug|Any CPU
		Release|Any CPU = Release|Any CPU
	EndGlobalSection
	GlobalSection(ProjectConfigurationPlatforms) = postSolution
		{B103CF56-EF24-8D67-56F7-E3BD69B14EA8}.Debug|Any CPU.ActiveCfg = Debug|Any CPU
		{B103CF56-EF24-8D67-56F7-E3BD69B14EA8}.Debug|Any CPU.Build.0 = Debug|Any CPU
		{B103CF56-EF24-8D67-56F7-E3BD69B14EA8}.Release|Any CPU.ActiveCfg = Release|Any CPU
		{B103CF56-EF24-8D67-56F7-E3BD69B14EA8}.Release|Any CPU.Build.0 = Release|Any CPU
		{78C230FB-F869-8AAF-F230-D0061D9C2537}.Debug|Any CPU.ActiveCfg = Debug|Any CPU
		{78C230FB-F869-8AAF-F230-D0061D9C2537}.Debug|Any CPU.Build.0 = Debug|Any CPU
		{78C230FB-F869-8AAF-F230-D0061D9C2537}.Release|Any CPU.ActiveCfg = Release|Any CPU
		{78C230FB-F869-8AAF-F230-D0061D9C2537}.Release|Any CPU.Build.0 = Release|Any CPU
	EndGlobalSection
	GlobalSection(SolutionProperties) = preSolution
		HideSolutionNode = FALSE
	EndGlobalSection
EndGlobal
